
Microsoft Visual Studio Solution File, Format Version 12.00
Project("{FAE04EC0-301F-11D3-BF4B-00C04F79EFBC}") = "Exceptions", "Exceptions\Exceptions.csproj", "{F59717A0-8BA8-4183-A91E-B53628AB1B26}"
EndProject
Global
	GlobalSection(SolutionConfigurationPlatforms) = preSolution
		Debug|Any CPU = Debug|Any CPU
		Release|Any CPU = Release|Any CPU
	EndGlobalSection
	GlobalSection(ProjectConfigurationPlatforms) = postSolution
		{F59717A0-8BA8-4183-A91E-B53628AB1B26}.Debug|Any CPU.ActiveCfg = Debug|Any CPU
		{F59717A0-8BA8-4183-A91E-B53628AB1B26}.Debug|Any CPU.Build.0 = Debug|Any CPU
		{F59717A0-8BA8-4183-A91E-B53628AB1B26}.Release|Any CPU.ActiveCfg = Release|Any CPU
		{F59717A0-8BA8-4183-A91E-B53628AB1B26}.Release|Any CPU.Build.0 = Release|Any CPU
	EndGlobalSection
EndGlobal
